
Microsoft Visual Studio Solution File, Format Version 12.00
# Visual Studio Version 17
VisualStudioVersion = 17.9.34728.123
MinimumVisualStudioVersion = 10.0.40219.1
Project("{FAE04EC0-301F-11D3-BF4B-00C04F79EFBC}") = "Adding numbers Algorithm", "Adding numbers Algorithm\Adding numbers Algorithm.csproj", "{F0CC671B-BE44-4F14-A453-787D417A0749}"
EndProject
Global
	GlobalSection(SolutionConfigurationPlatforms) = preSolution
		Debug|Any CPU = Debug|Any CPU
		Release|Any CPU = Release|Any CPU
	EndGlobalSection
	GlobalSection(ProjectConfigurationPlatforms) = postSolution
		{F0CC671B-BE44-4F14-A453-787D417A0749}.Debug|Any CPU.ActiveCfg = Debug|Any CPU
		{F0CC671B-BE44-4F14-A453-787D417A0749}.Debug|Any CPU.Build.0 = Debug|Any CPU
		{F0CC671B-BE44-4F14-A453-787D417A0749}.Release|Any CPU.ActiveCfg = Release|Any CPU
		{F0CC671B-BE44-4F14-A453-787D417A0749}.Release|Any CPU.Build.0 = Release|Any CPU
	EndGlobalSection
	GlobalSection(SolutionProperties) = preSolution
		HideSolutionNode = FALSE
	EndGlobalSection
	GlobalSection(ExtensibilityGlobals) = postSolution
		SolutionGuid = {DC628190-67AD-4E84-850A-324DD3CE2D21}
	EndGlobalSection
EndGlobal
